
Microsoft Visual Studio Solution File, Format Version 12.00
# Visual Studio Version 16
VisualStudioVersion = 16.0.32002.261
MinimumVisualStudioVersion = 10.0.40219.1
Project("{FAE04EC0-301F-11D3-BF4B-00C04F79EFBC}") = "lab8", "lab8.csproj", "{72FE1B9D-D9C1-4054-97BD-163C1032B12C}"
EndProject
Global
	GlobalSection(SolutionConfigurationPlatforms) = preSolution
		Debug|Any CPU = Debug|Any CPU
		Release|Any CPU = Release|Any CPU
	EndGlobalSection
	GlobalSection(ProjectConfigurationPlatforms) = postSolution
		{72FE1B9D-D9C1-4054-97BD-163C1032B12C}.Debug|Any CPU.ActiveCfg = Debug|Any CPU
		{72FE1B9D-D9C1-4054-97BD-163C1032B12C}.Debug|Any CPU.Build.0 = Debug|Any CPU
		{72FE1B9D-D9C1-4054-97BD-163C1032B12C}.Release|Any CPU.ActiveCfg = Release|Any CPU
		{72FE1B9D-D9C1-4054-97BD-163C1032B12C}.Release|Any CPU.Build.0 = Release|Any CPU
	EndGlobalSection
	GlobalSection(SolutionProperties) = preSolution
		HideSolutionNode = FALSE
	EndGlobalSection
	GlobalSection(ExtensibilityGlobals) = postSolution
		SolutionGuid = {D82A2188-EA00-4A09-93A8-029A31447406}
	EndGlobalSection
EndGlobal
