
Microsoft Visual Studio Solution File, Format Version 12.00
# Visual Studio Version 16
VisualStudioVersion = 16.0.31624.102
MinimumVisualStudioVersion = 10.0.40219.1
Project("{8BC9CEB8-8B4A-11D0-8D11-00A0C91BC942}") = "lab1", "lab1.vcxproj", "{BB8E3A13-4F60-46A8-A5E8-4A7F5A8027B4}"
EndProject
Global
	GlobalSection(SolutionConfigurationPlatforms) = preSolution
		Debug|x64 = Debug|x64
		Debug|x86 = Debug|x86
		Release|x64 = Release|x64
		Release|x86 = Release|x86
	EndGlobalSection
	GlobalSection(ProjectConfigurationPlatforms) = postSolution
		{BB8E3A13-4F60-46A8-A5E8-4A7F5A8027B4}.Debug|x64.ActiveCfg = Debug|x64
		{BB8E3A13-4F60-46A8-A5E8-4A7F5A8027B4}.Debug|x64.Build.0 = Debug|x64
		{BB8E3A13-4F60-46A8-A5E8-4A7F5A8027B4}.Debug|x86.ActiveCfg = Debug|Win32
		{BB8E3A13-4F60-46A8-A5E8-4A7F5A8027B4}.Debug|x86.Build.0 = Debug|Win32
		{BB8E3A13-4F60-46A8-A5E8-4A7F5A8027B4}.Release|x64.ActiveCfg = Release|x64
		{BB8E3A13-4F60-46A8-A5E8-4A7F5A8027B4}.Release|x64.Build.0 = Release|x64
		{BB8E3A13-4F60-46A8-A5E8-4A7F5A8027B4}.Release|x86.ActiveCfg = Release|Win32
		{BB8E3A13-4F60-46A8-A5E8-4A7F5A8027B4}.Release|x86.Build.0 = Release|Win32
	EndGlobalSection
	GlobalSection(SolutionProperties) = preSolution
		HideSolutionNode = FALSE
	EndGlobalSection
	GlobalSection(ExtensibilityGlobals) = postSolution
		SolutionGuid = {24DF10B9-2C2F-4D46-8862-A6B5955972FD}
	EndGlobalSection
EndGlobal
